
Microsoft Visual Studio Solution File, Format Version 12.00
# Visual Studio Version 17
VisualStudioVersion = 17.7.34003.232
MinimumVisualStudioVersion = 10.0.40219.1
Project("{FAE04EC0-301F-11D3-BF4B-00C04F79EFBC}") = "CSMS", "CSMS\CSMS.csproj", "{D09C4743-9CA9-4516-B0BA-BCEE8D97087C}"
EndProject
Global
	GlobalSection(SolutionConfigurationPlatforms) = preSolution
		Debug|Any CPU = Debug|Any CPU
		Release|Any CPU = Release|Any CPU
	EndGlobalSection
	GlobalSection(ProjectConfigurationPlatforms) = postSolution
		{D09C4743-9CA9-4516-B0BA-BCEE8D97087C}.Debug|Any CPU.ActiveCfg = Debug|Any CPU
		{D09C4743-9CA9-4516-B0BA-BCEE8D97087C}.Debug|Any CPU.Build.0 = Debug|Any CPU
		{D09C4743-9CA9-4516-B0BA-BCEE8D97087C}.Release|Any CPU.ActiveCfg = Release|Any CPU
		{D09C4743-9CA9-4516-B0BA-BCEE8D97087C}.Release|Any CPU.Build.0 = Release|Any CPU
	EndGlobalSection
	GlobalSection(SolutionProperties) = preSolution
		HideSolutionNode = FALSE
	EndGlobalSection
	GlobalSection(ExtensibilityGlobals) = postSolution
		SolutionGuid = {405FC9DD-FC4E-41AB-BB5D-EF3BD5977BB9}
	EndGlobalSection
EndGlobal
